
Microsoft Visual Studio Solution File, Format Version 12.00
# Visual Studio Version 17
VisualStudioVersion = 17.3.32901.215
MinimumVisualStudioVersion = 10.0.40219.1
Project("{9A19103F-16F7-4668-BE54-9A1E7A4F7556}") = "Messaging", "Messaging\Messaging.csproj", "{5372BD9E-C429-48C3-A45C-F7839BD06E6A}"
EndProject
Project("{9A19103F-16F7-4668-BE54-9A1E7A4F7556}") = "Restaurant.Booking", "Restaurant.Booking\Restaurant.Booking.csproj", "{CDB9AA78-20C4-4E63-AB88-0281822F94C4}"
EndProject
Project("{9A19103F-16F7-4668-BE54-9A1E7A4F7556}") = "Restaurant.Notification", "Restaurant.Notification\Restaurant.Notification.csproj", "{A9563368-8F61-45B2-925A-B5C9D38C2A23}"
EndProject
Project("{9A19103F-16F7-4668-BE54-9A1E7A4F7556}") = "Restaurant.Messages", "Restaurant.Messages\Restaurant.Messages.csproj", "{ECFAD08C-91DF-4386-92EE-CCE7F3D58764}"
EndProject
Project("{9A19103F-16F7-4668-BE54-9A1E7A4F7556}") = "Restaurant.Kitchen", "Restaurant.Kitchen\Restaurant.Kitchen.csproj", "{31DBCCBD-D09E-4A82-9F44-76D2298DA54F}"
EndProject
Project("{FAE04EC0-301F-11D3-BF4B-00C04F79EFBC}") = "Restaurant.Tests", "Restaurant.Tests\Restaurant.Tests.csproj", "{EF0ECEBC-7ED5-41F7-A0A4-164E8A8F65C8}"
EndProject
Global
	GlobalSection(SolutionConfigurationPlatforms) = preSolution
		Debug|Any CPU = Debug|Any CPU
		Release|Any CPU = Release|Any CPU
	EndGlobalSection
	GlobalSection(ProjectConfigurationPlatforms) = postSolution
		{5372BD9E-C429-48C3-A45C-F7839BD06E6A}.Debug|Any CPU.ActiveCfg = Debug|Any CPU
		{5372BD9E-C429-48C3-A45C-F7839BD06E6A}.Debug|Any CPU.Build.0 = Debug|Any CPU
		{5372BD9E-C429-48C3-A45C-F7839BD06E6A}.Release|Any CPU.ActiveCfg = Release|Any CPU
		{5372BD9E-C429-48C3-A45C-F7839BD06E6A}.Release|Any CPU.Build.0 = Release|Any CPU
		{CDB9AA78-20C4-4E63-AB88-0281822F94C4}.Debug|Any CPU.ActiveCfg = Debug|Any CPU
		{CDB9AA78-20C4-4E63-AB88-0281822F94C4}.Debug|Any CPU.Build.0 = Debug|Any CPU
		{CDB9AA78-20C4-4E63-AB88-0281822F94C4}.Release|Any CPU.ActiveCfg = Release|Any CPU
		{CDB9AA78-20C4-4E63-AB88-0281822F94C4}.Release|Any CPU.Build.0 = Release|Any CPU
		{A9563368-8F61-45B2-925A-B5C9D38C2A23}.Debug|Any CPU.ActiveCfg = Debug|Any CPU
		{A9563368-8F61-45B2-925A-B5C9D38C2A23}.Debug|Any CPU.Build.0 = Debug|Any CPU
		{A9563368-8F61-45B2-925A-B5C9D38C2A23}.Release|Any CPU.ActiveCfg = Release|Any CPU
		{A9563368-8F61-45B2-925A-B5C9D38C2A23}.Release|Any CPU.Build.0 = Release|Any CPU
		{ECFAD08C-91DF-4386-92EE-CCE7F3D58764}.Debug|Any CPU.ActiveCfg = Debug|Any CPU
		{ECFAD08C-91DF-4386-92EE-CCE7F3D58764}.Debug|Any CPU.Build.0 = Debug|Any CPU
		{ECFAD08C-91DF-4386-92EE-CCE7F3D58764}.Release|Any CPU.ActiveCfg = Release|Any CPU
		{ECFAD08C-91DF-4386-92EE-CCE7F3D58764}.Release|Any CPU.Build.0 = Release|Any CPU
		{31DBCCBD-D09E-4A82-9F44-76D2298DA54F}.Debug|Any CPU.ActiveCfg = Debug|Any CPU
		{31DBCCBD-D09E-4A82-9F44-76D2298DA54F}.Debug|Any CPU.Build.0 = Debug|Any CPU
		{31DBCCBD-D09E-4A82-9F44-76D2298DA54F}.Release|Any CPU.ActiveCfg = Release|Any CPU
		{31DBCCBD-D09E-4A82-9F44-76D2298DA54F}.Release|Any CPU.Build.0 = Release|Any CPU
		{EF0ECEBC-7ED5-41F7-A0A4-164E8A8F65C8}.Debug|Any CPU.ActiveCfg = Debug|Any CPU
		{EF0ECEBC-7ED5-41F7-A0A4-164E8A8F65C8}.Debug|Any CPU.Build.0 = Debug|Any CPU
		{EF0ECEBC-7ED5-41F7-A0A4-164E8A8F65C8}.Release|Any CPU.ActiveCfg = Release|Any CPU
		{EF0ECEBC-7ED5-41F7-A0A4-164E8A8F65C8}.Release|Any CPU.Build.0 = Release|Any CPU
	EndGlobalSection
	GlobalSection(SolutionProperties) = preSolution
		HideSolutionNode = FALSE
	EndGlobalSection
	GlobalSection(ExtensibilityGlobals) = postSolution
		SolutionGuid = {9DB215DD-61C9-4612-8A4D-EDAA980B16C4}
	EndGlobalSection
EndGlobal
