
Microsoft Visual Studio Solution File, Format Version 12.00
# Visual Studio Version 17
VisualStudioVersion = 17.3.32901.215
MinimumVisualStudioVersion = 10.0.40219.1
Project("{9A19103F-16F7-4668-BE54-9A1E7A4F7556}") = "MessageDrivenArchitecture", "MessageDrivenArchitecture\MessageDrivenArchitecture.csproj", "{1A135864-5420-4569-8C54-6A69E10D7519}"
EndProject
Project("{FAE04EC0-301F-11D3-BF4B-00C04F79EFBC}") = "Messaging", "Messaging\Messaging.csproj", "{5372BD9E-C429-48C3-A45C-F7839BD06E6A}"
EndProject
Project("{FAE04EC0-301F-11D3-BF4B-00C04F79EFBC}") = "Restaurant.Booking", "Restaurant.Booking\Restaurant.Booking.csproj", "{CDB9AA78-20C4-4E63-AB88-0281822F94C4}"
EndProject
Global
	GlobalSection(SolutionConfigurationPlatforms) = preSolution
		Debug|Any CPU = Debug|Any CPU
		Release|Any CPU = Release|Any CPU
	EndGlobalSection
	GlobalSection(ProjectConfigurationPlatforms) = postSolution
		{1A135864-5420-4569-8C54-6A69E10D7519}.Debug|Any CPU.ActiveCfg = Debug|Any CPU
		{1A135864-5420-4569-8C54-6A69E10D7519}.Debug|Any CPU.Build.0 = Debug|Any CPU
		{1A135864-5420-4569-8C54-6A69E10D7519}.Release|Any CPU.ActiveCfg = Release|Any CPU
		{1A135864-5420-4569-8C54-6A69E10D7519}.Release|Any CPU.Build.0 = Release|Any CPU
		{5372BD9E-C429-48C3-A45C-F7839BD06E6A}.Debug|Any CPU.ActiveCfg = Debug|Any CPU
		{5372BD9E-C429-48C3-A45C-F7839BD06E6A}.Debug|Any CPU.Build.0 = Debug|Any CPU
		{5372BD9E-C429-48C3-A45C-F7839BD06E6A}.Release|Any CPU.ActiveCfg = Release|Any CPU
		{5372BD9E-C429-48C3-A45C-F7839BD06E6A}.Release|Any CPU.Build.0 = Release|Any CPU
		{CDB9AA78-20C4-4E63-AB88-0281822F94C4}.Debug|Any CPU.ActiveCfg = Debug|Any CPU
		{CDB9AA78-20C4-4E63-AB88-0281822F94C4}.Debug|Any CPU.Build.0 = Debug|Any CPU
		{CDB9AA78-20C4-4E63-AB88-0281822F94C4}.Release|Any CPU.ActiveCfg = Release|Any CPU
		{CDB9AA78-20C4-4E63-AB88-0281822F94C4}.Release|Any CPU.Build.0 = Release|Any CPU
	EndGlobalSection
	GlobalSection(SolutionProperties) = preSolution
		HideSolutionNode = FALSE
	EndGlobalSection
	GlobalSection(ExtensibilityGlobals) = postSolution
		SolutionGuid = {9DB215DD-61C9-4612-8A4D-EDAA980B16C4}
	EndGlobalSection
EndGlobal
